
Microsoft Visual Studio Solution File, Format Version 12.00
# Visual Studio Version 17
VisualStudioVersion = 17.8.34525.116
MinimumVisualStudioVersion = 10.0.40219.1
Project("{FAE04EC0-301F-11D3-BF4B-00C04F79EFBC}") = "WPF_Complex_Calcul", "WPF_Complex_Calcul.csproj", "{51E4F23E-DCEC-4546-8F0D-5797EFADB1DB}"
EndProject
Project("{FAE04EC0-301F-11D3-BF4B-00C04F79EFBC}") = "WPF_Complex_CalculTests", "..\WPF_Complex_CalculTests\WPF_Complex_CalculTests.csproj", "{740E15A2-2369-49F7-BB25-5AA86CA66ABB}"
EndProject
Global
	GlobalSection(SolutionConfigurationPlatforms) = preSolution
		Debug|Any CPU = Debug|Any CPU
		Release|Any CPU = Release|Any CPU
	EndGlobalSection
	GlobalSection(ProjectConfigurationPlatforms) = postSolution
		{51E4F23E-DCEC-4546-8F0D-5797EFADB1DB}.Debug|Any CPU.ActiveCfg = Debug|Any CPU
		{51E4F23E-DCEC-4546-8F0D-5797EFADB1DB}.Debug|Any CPU.Build.0 = Debug|Any CPU
		{51E4F23E-DCEC-4546-8F0D-5797EFADB1DB}.Release|Any CPU.ActiveCfg = Release|Any CPU
		{51E4F23E-DCEC-4546-8F0D-5797EFADB1DB}.Release|Any CPU.Build.0 = Release|Any CPU
		{740E15A2-2369-49F7-BB25-5AA86CA66ABB}.Debug|Any CPU.ActiveCfg = Debug|Any CPU
		{740E15A2-2369-49F7-BB25-5AA86CA66ABB}.Debug|Any CPU.Build.0 = Debug|Any CPU
		{740E15A2-2369-49F7-BB25-5AA86CA66ABB}.Release|Any CPU.ActiveCfg = Release|Any CPU
		{740E15A2-2369-49F7-BB25-5AA86CA66ABB}.Release|Any CPU.Build.0 = Release|Any CPU
	EndGlobalSection
	GlobalSection(SolutionProperties) = preSolution
		HideSolutionNode = FALSE
	EndGlobalSection
	GlobalSection(ExtensibilityGlobals) = postSolution
		SolutionGuid = {5BBC1510-3604-4964-9614-993374CD30A0}
	EndGlobalSection
EndGlobal
